// !$*UTF8*$!
{
	archiveVersion = 1;
	classes = {
	};
	objectVersion = 46;
	objects = {

/* Begin PBXBuildFile section */
		7A0E36D91C3A1C7600193018 /* main.m in Sources */ = {isa = PBXBuildFile; fileRef = 7A0E36D81C3A1C7600193018 /* main.m */; };
		7A0E36DC1C3A1C7600193018 /* AppDelegate.m in Sources */ = {isa = PBXBuildFile; fileRef = 7A0E36DB1C3A1C7600193018 /* AppDelegate.m */; };
		7A0E36DE1C3A1C7600193018 /* Assets.xcassets in Resources */ = {isa = PBXBuildFile; fileRef = 7A0E36DD1C3A1C7600193018 /* Assets.xcassets */; };
		7A0E36E11C3A1C7600193018 /* LaunchScreen.storyboard in Resources */ = {isa = PBXBuildFile; fileRef = 7A0E36DF1C3A1C7600193018 /* LaunchScreen.storyboard */; };
		7A0E373D1C3A4E2A00193018 /* DiscoverViewController.m in Sources */ = {isa = PBXBuildFile; fileRef = 7A0E372F1C3A4E2A00193018 /* DiscoverViewController.m */; };
		7A0E373E1C3A4E2A00193018 /* MainViewController.m in Sources */ = {isa = PBXBuildFile; fileRef = 7A0E37351C3A4E2A00193018 /* MainViewController.m */; };
		7A0E373F1C3A4E2A00193018 /* MineViewController.m in Sources */ = {isa = PBXBuildFile; fileRef = 7A0E373B1C3A4E2A00193018 /* MineViewController.m */; };
		7A0E37431C3A507E00193018 /* MainStoryboard.storyboard in Resources */ = {isa = PBXBuildFile; fileRef = 7A0E37421C3A507E00193018 /* MainStoryboard.storyboard */; };
		7A0E37451C3A50A000193018 /* MineStoryboard.storyboard in Resources */ = {isa = PBXBuildFile; fileRef = 7A0E37441C3A50A000193018 /* MineStoryboard.storyboard */; };
		7A0E37471C3A50E200193018 /* DiscoverStoryboard.storyboard in Resources */ = {isa = PBXBuildFile; fileRef = 7A0E37461C3A50E200193018 /* DiscoverStoryboard.storyboard */; };
		7A0E37571C3A767000193018 /* MainTableViewCell.m in Sources */ = {isa = PBXBuildFile; fileRef = 7A0E37551C3A767000193018 /* MainTableViewCell.m */; };
		7A0E37581C3A767000193018 /* MainTableViewCell.xib in Resources */ = {isa = PBXBuildFile; fileRef = 7A0E37561C3A767000193018 /* MainTableViewCell.xib */; };
		7A0FC5971C464FEA007781E0 /* libWeiboSDK.a in Frameworks */ = {isa = PBXBuildFile; fileRef = 7A0FC58B1C464FEA007781E0 /* libWeiboSDK.a */; };
		7A0FC5981C464FEA007781E0 /* WeiboSDK.bundle in Resources */ = {isa = PBXBuildFile; fileRef = 7A0FC5941C464FEA007781E0 /* WeiboSDK.bundle */; };
		7A0FC59A1C465067007781E0 /* QuartzCore.framework in Frameworks */ = {isa = PBXBuildFile; fileRef = 7A0FC5991C465067007781E0 /* QuartzCore.framework */; };
		7A0FC59C1C465070007781E0 /* ImageIO.framework in Frameworks */ = {isa = PBXBuildFile; fileRef = 7A0FC59B1C465070007781E0 /* ImageIO.framework */; };
		7A0FC59E1C465084007781E0 /* SystemConfiguration.framework in Frameworks */ = {isa = PBXBuildFile; fileRef = 7A0FC59D1C465084007781E0 /* SystemConfiguration.framework */; };
		7A0FC5A01C465091007781E0 /* Security.framework in Frameworks */ = {isa = PBXBuildFile; fileRef = 7A0FC59F1C465090007781E0 /* Security.framework */; };
		7A0FC5A21C4650A0007781E0 /* CoreTelephony.framework in Frameworks */ = {isa = PBXBuildFile; fileRef = 7A0FC5A11C4650A0007781E0 /* CoreTelephony.framework */; };
		7A0FC5A41C4650AB007781E0 /* CoreText.framework in Frameworks */ = {isa = PBXBuildFile; fileRef = 7A0FC5A31C4650AB007781E0 /* CoreText.framework */; };
		7A0FC5A61C4650B7007781E0 /* UIKit.framework in Frameworks */ = {isa = PBXBuildFile; fileRef = 7A0FC5A51C4650B7007781E0 /* UIKit.framework */; };
		7A0FC5A81C4650BF007781E0 /* Foundation.framework in Frameworks */ = {isa = PBXBuildFile; fileRef = 7A0FC5A71C4650BF007781E0 /* Foundation.framework */; };
		7A0FC5AA1C4650D3007781E0 /* CoreGraphics.framework in Frameworks */ = {isa = PBXBuildFile; fileRef = 7A0FC5A91C4650D3007781E0 /* CoreGraphics.framework */; };
		7A0FC5AC1C4650E0007781E0 /* libz.tbd in Frameworks */ = {isa = PBXBuildFile; fileRef = 7A0FC5AB1C4650E0007781E0 /* libz.tbd */; };
		7A0FC5AE1C4650EC007781E0 /* libsqlite3.tbd in Frameworks */ = {isa = PBXBuildFile; fileRef = 7A0FC5AD1C4650EC007781E0 /* libsqlite3.tbd */; };
		7A1DA7331C40EAF7000B37FC /* HotThemeTableViewCell.m in Sources */ = {isa = PBXBuildFile; fileRef = 7A1DA7311C40EAF7000B37FC /* HotThemeTableViewCell.m */; };
		7A1DA7341C40EAF7000B37FC /* HotThemeTableViewCell.xib in Resources */ = {isa = PBXBuildFile; fileRef = 7A1DA7321C40EAF7000B37FC /* HotThemeTableViewCell.xib */; };
		7A1DA7361C40F054000B37FC /* hotTheme.plist in Resources */ = {isa = PBXBuildFile; fileRef = 7A1DA7351C40F054000B37FC /* hotTheme.plist */; };
		7A1F926A1C47202000B328C1 /* libsqlite3.0.tbd in Frameworks */ = {isa = PBXBuildFile; fileRef = 7A1F92691C47202000B328C1 /* libsqlite3.0.tbd */; };
		7A2DB0751C3CBC1900FC1CB3 /* SelectCityViewController.m in Sources */ = {isa = PBXBuildFile; fileRef = 7A2DB0741C3CBC1900FC1CB3 /* SelectCityViewController.m */; };
		7A2DB0781C3CBDA600FC1CB3 /* SearchViewController.m in Sources */ = {isa = PBXBuildFile; fileRef = 7A2DB0771C3CBDA600FC1CB3 /* SearchViewController.m */; };
		7A2DB07B1C3CBF5400FC1CB3 /* ActivityDetailViewController.m in Sources */ = {isa = PBXBuildFile; fileRef = 7A2DB07A1C3CBF5400FC1CB3 /* ActivityDetailViewController.m */; };
		7A2DB07E1C3CBF6700FC1CB3 /* ThemeViewController.m in Sources */ = {isa = PBXBuildFile; fileRef = 7A2DB07D1C3CBF6700FC1CB3 /* ThemeViewController.m */; };
		7A2DB0811C3CC00100FC1CB3 /* ClasssifyViewController.m in Sources */ = {isa = PBXBuildFile; fileRef = 7A2DB0801C3CC00100FC1CB3 /* ClasssifyViewController.m */; };
		7A2DB0841C3CC08600FC1CB3 /* GoodActivityViewController.m in Sources */ = {isa = PBXBuildFile; fileRef = 7A2DB0831C3CC08600FC1CB3 /* GoodActivityViewController.m */; };
		7A2DB0871C3CC09B00FC1CB3 /* HotActivityViewController.m in Sources */ = {isa = PBXBuildFile; fileRef = 7A2DB0861C3CC09B00FC1CB3 /* HotActivityViewController.m */; };
		7A2DB08E1C3D204000FC1CB3 /* UIViewController+Common.m in Sources */ = {isa = PBXBuildFile; fileRef = 7A2DB08D1C3D204000FC1CB3 /* UIViewController+Common.m */; };
		7A37FEAD1C462BDE008E3CC7 /* MessageUI.framework in Frameworks */ = {isa = PBXBuildFile; fileRef = 7A37FEAC1C462BDE008E3CC7 /* MessageUI.framework */; };
		7A47E67F1C48E91B006A1E2F /* BmobSDK.framework in Frameworks */ = {isa = PBXBuildFile; fileRef = 7A47E67E1C48E91B006A1E2F /* BmobSDK.framework */; };
		7A47E6811C48E972006A1E2F /* CoreLocation.framework in Frameworks */ = {isa = PBXBuildFile; fileRef = 7A47E6801C48E972006A1E2F /* CoreLocation.framework */; };
		7A47E6831C48E9A7006A1E2F /* MobileCoreServices.framework in Frameworks */ = {isa = PBXBuildFile; fileRef = 7A47E6821C48E9A7006A1E2F /* MobileCoreServices.framework */; };
		7A47E6851C48E9B4006A1E2F /* CFNetwork.framework in Frameworks */ = {isa = PBXBuildFile; fileRef = 7A47E6841C48E9B4006A1E2F /* CFNetwork.framework */; };
		7A47E6871C48E9CA006A1E2F /* libz.1.2.5.tbd in Frameworks */ = {isa = PBXBuildFile; fileRef = 7A47E6861C48E9CA006A1E2F /* libz.1.2.5.tbd */; };
		7A47E6891C48E9DD006A1E2F /* libicucore.tbd in Frameworks */ = {isa = PBXBuildFile; fileRef = 7A47E6881C48E9DD006A1E2F /* libicucore.tbd */; };
		7A47E68B1C48E9EA006A1E2F /* AVFoundation.framework in Frameworks */ = {isa = PBXBuildFile; fileRef = 7A47E68A1C48E9EA006A1E2F /* AVFoundation.framework */; };
		7A47E68D1C48E9F5006A1E2F /* MediaPlayer.framework in Frameworks */ = {isa = PBXBuildFile; fileRef = 7A47E68C1C48E9F5006A1E2F /* MediaPlayer.framework */; };
		7A47E6941C48ED35006A1E2F /* LoginViewController.m in Sources */ = {isa = PBXBuildFile; fileRef = 7A47E6931C48ED35006A1E2F /* LoginViewController.m */; };
		7A47E6961C48ED55006A1E2F /* Login.storyboard in Resources */ = {isa = PBXBuildFile; fileRef = 7A47E6951C48ED55006A1E2F /* Login.storyboard */; };
		7A65130A1C3BA0E3000A02A5 /* MainModel.m in Sources */ = {isa = PBXBuildFile; fileRef = 7A6513091C3BA0E3000A02A5 /* MainModel.m */; };
		7A65130C1C3BA74A000A02A5 /* File.plist in Resources */ = {isa = PBXBuildFile; fileRef = 7A65130B1C3BA74A000A02A5 /* File.plist */; };
		7A7E58431C47416100FCF5E8 /* ShareView.m in Sources */ = {isa = PBXBuildFile; fileRef = 7A7E58421C47416100FCF5E8 /* ShareView.m */; };
		7A7E58461C474E3000FCF5E8 /* ShareViewController.m in Sources */ = {isa = PBXBuildFile; fileRef = 7A7E58451C474E3000FCF5E8 /* ShareViewController.m */; };
		7A7E584B1C47884000FCF5E8 /* libWeChatSDK.a in Frameworks */ = {isa = PBXBuildFile; fileRef = 7A7E58481C47884000FCF5E8 /* libWeChatSDK.a */; };
		7ACBB23D1C4384BB0016D1B7 /* ClassSify.plist in Resources */ = {isa = PBXBuildFile; fileRef = 7ACBB23C1C4384BB0016D1B7 /* ClassSify.plist */; };
		7ACBB2471C438FDF0016D1B7 /* VOContentLayer.m in Sources */ = {isa = PBXBuildFile; fileRef = 7ACBB2401C438FDF0016D1B7 /* VOContentLayer.m */; };
		7ACBB2481C438FDF0016D1B7 /* VOIndicatorAnimation.m in Sources */ = {isa = PBXBuildFile; fileRef = 7ACBB2421C438FDF0016D1B7 /* VOIndicatorAnimation.m */; };
		7ACBB2491C438FDF0016D1B7 /* VOSegment.m in Sources */ = {isa = PBXBuildFile; fileRef = 7ACBB2441C438FDF0016D1B7 /* VOSegment.m */; };
		7ACBB24A1C438FDF0016D1B7 /* VOSegmentedControl.m in Sources */ = {isa = PBXBuildFile; fileRef = 7ACBB2461C438FDF0016D1B7 /* VOSegmentedControl.m */; };
		7ACBB24C1C43A8030016D1B7 /* typeid6.plist in Resources */ = {isa = PBXBuildFile; fileRef = 7ACBB24B1C43A8030016D1B7 /* typeid6.plist */; };
		7ACBB24E1C43A8080016D1B7 /* typeud21.plist in Resources */ = {isa = PBXBuildFile; fileRef = 7ACBB24D1C43A8080016D1B7 /* typeud21.plist */; };
		7ACBB2501C43A80E0016D1B7 /* typeid23.plist in Resources */ = {isa = PBXBuildFile; fileRef = 7ACBB24F1C43A80E0016D1B7 /* typeid23.plist */; };
		7ACBB2521C43A8150016D1B7 /* typeid22.plist in Resources */ = {isa = PBXBuildFile; fileRef = 7ACBB2511C43A8150016D1B7 /* typeid22.plist */; };
		7AD1245A1C3F9E0F00FDD064 /* blueArrow.png in Resources */ = {isa = PBXBuildFile; fileRef = 7AD124561C3F9E0F00FDD064 /* blueArrow.png */; };
		7AD1245B1C3F9E0F00FDD064 /* blueArrowDown.png in Resources */ = {isa = PBXBuildFile; fileRef = 7AD124571C3F9E0F00FDD064 /* blueArrowDown.png */; };
		7AD1245C1C3F9E0F00FDD064 /* PullingRefreshTableView.m in Sources */ = {isa = PBXBuildFile; fileRef = 7AD124591C3F9E0F00FDD064 /* PullingRefreshTableView.m */; settings = {COMPILER_FLAGS = "-fno-objc-arc"; }; };
		7AD124601C3FA3AF00FDD064 /* GoodActivityTableViewCell.m in Sources */ = {isa = PBXBuildFile; fileRef = 7AD1245E1C3FA3AF00FDD064 /* GoodActivityTableViewCell.m */; };
		7AD124611C3FA3AF00FDD064 /* GoodActivityTableViewCell.xib in Resources */ = {isa = PBXBuildFile; fileRef = 7AD1245F1C3FA3AF00FDD064 /* GoodActivityTableViewCell.xib */; };
		7AD124651C3FBBF000FDD064 /* cacaca.plist in Resources */ = {isa = PBXBuildFile; fileRef = 7AD124641C3FBBF000FDD064 /* cacaca.plist */; };
		7AD124681C3FBE5900FDD064 /* GoodActivityModel.m in Sources */ = {isa = PBXBuildFile; fileRef = 7AD124671C3FBE5900FDD064 /* GoodActivityModel.m */; };
		7AD3FA341C449F4F009D4E7F /* ProgressHUD.bundle in Resources */ = {isa = PBXBuildFile; fileRef = 7AD3FA311C449F4F009D4E7F /* ProgressHUD.bundle */; };
		7AD3FA351C449F4F009D4E7F /* ProgressHUD.m in Sources */ = {isa = PBXBuildFile; fileRef = 7AD3FA331C449F4F009D4E7F /* ProgressHUD.m */; };
		7AD3FA391C44FAC3009D4E7F /* DiscoverTableViewCell.m in Sources */ = {isa = PBXBuildFile; fileRef = 7AD3FA371C44FAC3009D4E7F /* DiscoverTableViewCell.m */; };
		7AD3FA3A1C44FAC3009D4E7F /* DiscoverTableViewCell.xib in Resources */ = {isa = PBXBuildFile; fileRef = 7AD3FA381C44FAC3009D4E7F /* DiscoverTableViewCell.xib */; };
		7AD3FA6D1C450E9A009D4E7F /* DiscoverFile.plist in Resources */ = {isa = PBXBuildFile; fileRef = 7AD3FA6C1C450E9A009D4E7F /* DiscoverFile.plist */; };
		7AD3FA701C451297009D4E7F /* DiscoverModel.m in Sources */ = {isa = PBXBuildFile; fileRef = 7AD3FA6F1C451297009D4E7F /* DiscoverModel.m */; };
		7AE96A921C3E112700F5163A /* ActivityDetailView.m in Sources */ = {isa = PBXBuildFile; fileRef = 7AE96A911C3E112700F5163A /* ActivityDetailView.m */; };
		7AE96A951C3E4C4500F5163A /* HWTools.m in Sources */ = {isa = PBXBuildFile; fileRef = 7AE96A941C3E4C4500F5163A /* HWTools.m */; };
		7AE96A971C3E540900F5163A /* activityDetail.plist in Resources */ = {isa = PBXBuildFile; fileRef = 7AE96A961C3E540900F5163A /* activityDetail.plist */; };
		7AE96A9A1C3E5B2300F5163A /* UIView+UIViewExtension.m in Sources */ = {isa = PBXBuildFile; fileRef = 7AE96A991C3E5B2300F5163A /* UIView+UIViewExtension.m */; };
		7AFFFEBE1C3F5D4B0067BA36 /* Activitytheme.plist in Resources */ = {isa = PBXBuildFile; fileRef = 7AFFFEBD1C3F5D4B0067BA36 /* Activitytheme.plist */; };
		7AFFFEC11C3F5F070067BA36 /* ActivityThemeView.m in Sources */ = {isa = PBXBuildFile; fileRef = 7AFFFEC01C3F5F070067BA36 /* ActivityThemeView.m */; };
		93BC11B23DD29939960CE311 /* libPods.a in Frameworks */ = {isa = PBXBuildFile; fileRef = D377AA3005BE36EC7725A0F2 /* libPods.a */; };
/* End PBXBuildFile section */

/* Begin PBXFileReference section */
		7A0E36D41C3A1C7600193018 /* WeekEndHigh.app */ = {isa = PBXFileReference; explicitFileType = wrapper.application; includeInIndex = 0; path = WeekEndHigh.app; sourceTree = BUILT_PRODUCTS_DIR; };
		7A0E36D81C3A1C7600193018 /* main.m */ = {isa = PBXFileReference; lastKnownFileType = sourcecode.c.objc; path = main.m; sourceTree = "<group>"; };
		7A0E36DA1C3A1C7600193018 /* AppDelegate.h */ = {isa = PBXFileReference; lastKnownFileType = sourcecode.c.h; path = AppDelegate.h; sourceTree = "<group>"; };
		7A0E36DB1C3A1C7600193018 /* AppDelegate.m */ = {isa = PBXFileReference; lastKnownFileType = sourcecode.c.objc; path = AppDelegate.m; sourceTree = "<group>"; };
		7A0E36DD1C3A1C7600193018 /* Assets.xcassets */ = {isa = PBXFileReference; lastKnownFileType = folder.assetcatalog; path = Assets.xcassets; sourceTree = "<group>"; };
		7A0E36E01C3A1C7600193018 /* Base */ = {isa = PBXFileReference; lastKnownFileType = file.storyboard; name = Base; path = Base.lproj/LaunchScreen.storyboard; sourceTree = "<group>"; };
		7A0E36E21C3A1C7600193018 /* Info.plist */ = {isa = PBXFileReference; lastKnownFileType = text.plist.xml; path = Info.plist; sourceTree = "<group>"; };
		7A0E372E1C3A4E2A00193018 /* DiscoverViewController.h */ = {isa = PBXFileReference; fileEncoding = 4; lastKnownFileType = sourcecode.c.h; path = DiscoverViewController.h; sourceTree = "<group>"; };
		7A0E372F1C3A4E2A00193018 /* DiscoverViewController.m */ = {isa = PBXFileReference; fileEncoding = 4; lastKnownFileType = sourcecode.c.objc; path = DiscoverViewController.m; sourceTree = "<group>"; };
		7A0E37341C3A4E2A00193018 /* MainViewController.h */ = {isa = PBXFileReference; fileEncoding = 4; lastKnownFileType = sourcecode.c.h; path = MainViewController.h; sourceTree = "<group>"; };
		7A0E37351C3A4E2A00193018 /* MainViewController.m */ = {isa = PBXFileReference; fileEncoding = 4; lastKnownFileType = sourcecode.c.objc; path = MainViewController.m; sourceTree = "<group>"; };
		7A0E373A1C3A4E2A00193018 /* MineViewController.h */ = {isa = PBXFileReference; fileEncoding = 4; lastKnownFileType = sourcecode.c.h; path = MineViewController.h; sourceTree = "<group>"; };
		7A0E373B1C3A4E2A00193018 /* MineViewController.m */ = {isa = PBXFileReference; fileEncoding = 4; lastKnownFileType = sourcecode.c.objc; path = MineViewController.m; sourceTree = "<group>"; };
		7A0E37421C3A507E00193018 /* MainStoryboard.storyboard */ = {isa = PBXFileReference; fileEncoding = 4; lastKnownFileType = file.storyboard; path = MainStoryboard.storyboard; sourceTree = "<group>"; };
		7A0E37441C3A50A000193018 /* MineStoryboard.storyboard */ = {isa = PBXFileReference; fileEncoding = 4; lastKnownFileType = file.storyboard; path = MineStoryboard.storyboard; sourceTree = "<group>"; };
		7A0E37461C3A50E200193018 /* DiscoverStoryboard.storyboard */ = {isa = PBXFileReference; fileEncoding = 4; lastKnownFileType = file.storyboard; path = DiscoverStoryboard.storyboard; sourceTree = "<group>"; };
		7A0E37541C3A767000193018 /* MainTableViewCell.h */ = {isa = PBXFileReference; fileEncoding = 4; lastKnownFileType = sourcecode.c.h; path = MainTableViewCell.h; sourceTree = "<group>"; };
		7A0E37551C3A767000193018 /* MainTableViewCell.m */ = {isa = PBXFileReference; fileEncoding = 4; lastKnownFileType = sourcecode.c.objc; path = MainTableViewCell.m; sourceTree = "<group>"; };
		7A0E37561C3A767000193018 /* MainTableViewCell.xib */ = {isa = PBXFileReference; fileEncoding = 4; lastKnownFileType = file.xib; path = MainTableViewCell.xib; sourceTree = "<group>"; };
		7A0FC58B1C464FEA007781E0 /* libWeiboSDK.a */ = {isa = PBXFileReference; lastKnownFileType = archive.ar; path = libWeiboSDK.a; sourceTree = "<group>"; };
		7A0FC58C1C464FEA007781E0 /* WBHttpRequest+WeiboGame.h */ = {isa = PBXFileReference; fileEncoding = 4; lastKnownFileType = sourcecode.c.h; path = "WBHttpRequest+WeiboGame.h"; sourceTree = "<group>"; };
		7A0FC58D1C464FEA007781E0 /* WBHttpRequest+WeiboShare.h */ = {isa = PBXFileReference; fileEncoding = 4; lastKnownFileType = sourcecode.c.h; path = "WBHttpRequest+WeiboShare.h"; sourceTree = "<group>"; };
		7A0FC58E1C464FEA007781E0 /* WBHttpRequest+WeiboToken.h */ = {isa = PBXFileReference; fileEncoding = 4; lastKnownFileType = sourcecode.c.h; path = "WBHttpRequest+WeiboToken.h"; sourceTree = "<group>"; };
		7A0FC58F1C464FEA007781E0 /* WBHttpRequest+WeiboUser.h */ = {isa = PBXFileReference; fileEncoding = 4; lastKnownFileType = sourcecode.c.h; path = "WBHttpRequest+WeiboUser.h"; sourceTree = "<group>"; };
		7A0FC5901C464FEA007781E0 /* WBHttpRequest.h */ = {isa = PBXFileReference; fileEncoding = 4; lastKnownFileType = sourcecode.c.h; path = WBHttpRequest.h; sourceTree = "<group>"; };
		7A0FC5911C464FEA007781E0 /* WBSDKBasicButton.h */ = {isa = PBXFileReference; fileEncoding = 4; lastKnownFileType = sourcecode.c.h; path = WBSDKBasicButton.h; sourceTree = "<group>"; };
		7A0FC5921C464FEA007781E0 /* WBSDKCommentButton.h */ = {isa = PBXFileReference; fileEncoding = 4; lastKnownFileType = sourcecode.c.h; path = WBSDKCommentButton.h; sourceTree = "<group>"; };
		7A0FC5931C464FEA007781E0 /* WBSDKRelationshipButton.h */ = {isa = PBXFileReference; fileEncoding = 4; lastKnownFileType = sourcecode.c.h; path = WBSDKRelationshipButton.h; sourceTree = "<group>"; };
		7A0FC5941C464FEA007781E0 /* WeiboSDK.bundle */ = {isa = PBXFileReference; lastKnownFileType = "wrapper.plug-in"; path = WeiboSDK.bundle; sourceTree = "<group>"; };
		7A0FC5951C464FEA007781E0 /* WeiboSDK.h */ = {isa = PBXFileReference; fileEncoding = 4; lastKnownFileType = sourcecode.c.h; path = WeiboSDK.h; sourceTree = "<group>"; };
		7A0FC5961C464FEA007781E0 /* WeiboUser.h */ = {isa = PBXFileReference; fileEncoding = 4; lastKnownFileType = sourcecode.c.h; path = WeiboUser.h; sourceTree = "<group>"; };
		7A0FC5991C465067007781E0 /* QuartzCore.framework */ = {isa = PBXFileReference; lastKnownFileType = wrapper.framework; name = QuartzCore.framework; path = System/Library/Frameworks/QuartzCore.framework; sourceTree = SDKROOT; };
		7A0FC59B1C465070007781E0 /* ImageIO.framework */ = {isa = PBXFileReference; lastKnownFileType = wrapper.framework; name = ImageIO.framework; path = System/Library/Frameworks/ImageIO.framework; sourceTree = SDKROOT; };
		7A0FC59D1C465084007781E0 /* SystemConfiguration.framework */ = {isa = PBXFileReference; lastKnownFileType = wrapper.framework; name = SystemConfiguration.framework; path = System/Library/Frameworks/SystemConfiguration.framework; sourceTree = SDKROOT; };
		7A0FC59F1C465090007781E0 /* Security.framework */ = {isa = PBXFileReference; lastKnownFileType = wrapper.framework; name = Security.framework; path = System/Library/Frameworks/Security.framework; sourceTree = SDKROOT; };
		7A0FC5A11C4650A0007781E0 /* CoreTelephony.framework */ = {isa = PBXFileReference; lastKnownFileType = wrapper.framework; name = CoreTelephony.framework; path = System/Library/Frameworks/CoreTelephony.framework; sourceTree = SDKROOT; };
		7A0FC5A31C4650AB007781E0 /* CoreText.framework */ = {isa = PBXFileReference; lastKnownFileType = wrapper.framework; name = CoreText.framework; path = System/Library/Frameworks/CoreText.framework; sourceTree = SDKROOT; };
		7A0FC5A51C4650B7007781E0 /* UIKit.framework */ = {isa = PBXFileReference; lastKnownFileType = wrapper.framework; name = UIKit.framework; path = System/Library/Frameworks/UIKit.framework; sourceTree = SDKROOT; };
		7A0FC5A71C4650BF007781E0 /* Foundation.framework */ = {isa = PBXFileReference; lastKnownFileType = wrapper.framework; name = Foundation.framework; path = System/Library/Frameworks/Foundation.framework; sourceTree = SDKROOT; };
		7A0FC5A91C4650D3007781E0 /* CoreGraphics.framework */ = {isa = PBXFileReference; lastKnownFileType = wrapper.framework; name = CoreGraphics.framework; path = System/Library/Frameworks/CoreGraphics.framework; sourceTree = SDKROOT; };
		7A0FC5AB1C4650E0007781E0 /* libz.tbd */ = {isa = PBXFileReference; lastKnownFileType = "sourcecode.text-based-dylib-definition"; name = libz.tbd; path = usr/lib/libz.tbd; sourceTree = SDKROOT; };
		7A0FC5AD1C4650EC007781E0 /* libsqlite3.tbd */ = {isa = PBXFileReference; lastKnownFileType = "sourcecode.text-based-dylib-definition"; name = libsqlite3.tbd; path = usr/lib/libsqlite3.tbd; sourceTree = SDKROOT; };
		7A1DA7301C40EAF7000B37FC /* HotThemeTableViewCell.h */ = {isa = PBXFileReference; fileEncoding = 4; lastKnownFileType = sourcecode.c.h; path = HotThemeTableViewCell.h; sourceTree = "<group>"; };
		7A1DA7311C40EAF7000B37FC /* HotThemeTableViewCell.m */ = {isa = PBXFileReference; fileEncoding = 4; lastKnownFileType = sourcecode.c.objc; path = HotThemeTableViewCell.m; sourceTree = "<group>"; };
		7A1DA7321C40EAF7000B37FC /* HotThemeTableViewCell.xib */ = {isa = PBXFileReference; fileEncoding = 4; lastKnownFileType = file.xib; path = HotThemeTableViewCell.xib; sourceTree = "<group>"; };
		7A1DA7351C40F054000B37FC /* hotTheme.plist */ = {isa = PBXFileReference; fileEncoding = 4; lastKnownFileType = text.plist.xml; path = hotTheme.plist; sourceTree = "<group>"; };
		7A1F92691C47202000B328C1 /* libsqlite3.0.tbd */ = {isa = PBXFileReference; lastKnownFileType = "sourcecode.text-based-dylib-definition"; name = libsqlite3.0.tbd; path = usr/lib/libsqlite3.0.tbd; sourceTree = SDKROOT; };
		7A2DB0711C3CAE1C00FC1CB3 /* Prefix.pch */ = {isa = PBXFileReference; fileEncoding = 4; lastKnownFileType = sourcecode.c.h; path = Prefix.pch; sourceTree = "<group>"; };
		7A2DB0721C3CB30D00FC1CB3 /* WHdefine.h */ = {isa = PBXFileReference; fileEncoding = 4; lastKnownFileType = sourcecode.c.h; path = WHdefine.h; sourceTree = "<group>"; };
		7A2DB0731C3CBC1900FC1CB3 /* SelectCityViewController.h */ = {isa = PBXFileReference; fileEncoding = 4; lastKnownFileType = sourcecode.c.h; path = SelectCityViewController.h; sourceTree = "<group>"; };
		7A2DB0741C3CBC1900FC1CB3 /* SelectCityViewController.m */ = {isa = PBXFileReference; fileEncoding = 4; lastKnownFileType = sourcecode.c.objc; path = SelectCityViewController.m; sourceTree = "<group>"; };
		7A2DB0761C3CBDA600FC1CB3 /* SearchViewController.h */ = {isa = PBXFileReference; fileEncoding = 4; lastKnownFileType = sourcecode.c.h; path = SearchViewController.h; sourceTree = "<group>"; };
		7A2DB0771C3CBDA600FC1CB3 /* SearchViewController.m */ = {isa = PBXFileReference; fileEncoding = 4; lastKnownFileType = sourcecode.c.objc; path = SearchViewController.m; sourceTree = "<group>"; };
		7A2DB0791C3CBF5400FC1CB3 /* ActivityDetailViewController.h */ = {isa = PBXFileReference; fileEncoding = 4; lastKnownFileType = sourcecode.c.h; path = ActivityDetailViewController.h; sourceTree = "<group>"; };
		7A2DB07A1C3CBF5400FC1CB3 /* ActivityDetailViewController.m */ = {isa = PBXFileReference; fileEncoding = 4; lastKnownFileType = sourcecode.c.objc; path = ActivityDetailViewController.m; sourceTree = "<group>"; };
		7A2DB07C1C3CBF6700FC1CB3 /* ThemeViewController.h */ = {isa = PBXFileReference; fileEncoding = 4; lastKnownFileType = sourcecode.c.h; path = ThemeViewController.h; sourceTree = "<group>"; };
		7A2DB07D1C3CBF6700FC1CB3 /* ThemeViewController.m */ = {isa = PBXFileReference; fileEncoding = 4; lastKnownFileType = sourcecode.c.objc; path = ThemeViewController.m; sourceTree = "<group>"; };
		7A2DB07F1C3CC00100FC1CB3 /* ClasssifyViewController.h */ = {isa = PBXFileReference; fileEncoding = 4; lastKnownFileType = sourcecode.c.h; path = ClasssifyViewController.h; sourceTree = "<group>"; };
		7A2DB0801C3CC00100FC1CB3 /* ClasssifyViewController.m */ = {isa = PBXFileReference; fileEncoding = 4; lastKnownFileType = sourcecode.c.objc; path = ClasssifyViewController.m; sourceTree = "<group>"; };
		7A2DB0821C3CC08600FC1CB3 /* GoodActivityViewController.h */ = {isa = PBXFileReference; fileEncoding = 4; lastKnownFileType = sourcecode.c.h; path = GoodActivityViewController.h; sourceTree = "<group>"; };
		7A2DB0831C3CC08600FC1CB3 /* GoodActivityViewController.m */ = {isa = PBXFileReference; fileEncoding = 4; lastKnownFileType = sourcecode.c.objc; path = GoodActivityViewController.m; sourceTree = "<group>"; };
		7A2DB0851C3CC09B00FC1CB3 /* HotActivityViewController.h */ = {isa = PBXFileReference; fileEncoding = 4; lastKnownFileType = sourcecode.c.h; path = HotActivityViewController.h; sourceTree = "<group>"; };
		7A2DB0861C3CC09B00FC1CB3 /* HotActivityViewController.m */ = {isa = PBXFileReference; fileEncoding = 4; lastKnownFileType = sourcecode.c.objc; path = HotActivityViewController.m; sourceTree = "<group>"; };
		7A2DB08C1C3D204000FC1CB3 /* UIViewController+Common.h */ = {isa = PBXFileReference; fileEncoding = 4; lastKnownFileType = sourcecode.c.h; path = "UIViewController+Common.h"; sourceTree = "<group>"; };
		7A2DB08D1C3D204000FC1CB3 /* UIViewController+Common.m */ = {isa = PBXFileReference; fileEncoding = 4; lastKnownFileType = sourcecode.c.objc; path = "UIViewController+Common.m"; sourceTree = "<group>"; };
		7A37FEAC1C462BDE008E3CC7 /* MessageUI.framework */ = {isa = PBXFileReference; lastKnownFileType = wrapper.framework; name = MessageUI.framework; path = System/Library/Frameworks/MessageUI.framework; sourceTree = SDKROOT; };
		7A47E67E1C48E91B006A1E2F /* BmobSDK.framework */ = {isa = PBXFileReference; lastKnownFileType = wrapper.framework; path = BmobSDK.framework; sourceTree = "<group>"; };
		7A47E6801C48E972006A1E2F /* CoreLocation.framework */ = {isa = PBXFileReference; lastKnownFileType = wrapper.framework; name = CoreLocation.framework; path = System/Library/Frameworks/CoreLocation.framework; sourceTree = SDKROOT; };
		7A47E6821C48E9A7006A1E2F /* MobileCoreServices.framework */ = {isa = PBXFileReference; lastKnownFileType = wrapper.framework; name = MobileCoreServices.framework; path = System/Library/Frameworks/MobileCoreServices.framework; sourceTree = SDKROOT; };
		7A47E6841C48E9B4006A1E2F /* CFNetwork.framework */ = {isa = PBXFileReference; lastKnownFileType = wrapper.framework; name = CFNetwork.framework; path = System/Library/Frameworks/CFNetwork.framework; sourceTree = SDKROOT; };
		7A47E6861C48E9CA006A1E2F /* libz.1.2.5.tbd */ = {isa = PBXFileReference; lastKnownFileType = "sourcecode.text-based-dylib-definition"; name = libz.1.2.5.tbd; path = usr/lib/libz.1.2.5.tbd; sourceTree = SDKROOT; };
		7A47E6881C48E9DD006A1E2F /* libicucore.tbd */ = {isa = PBXFileReference; lastKnownFileType = "sourcecode.text-based-dylib-definition"; name = libicucore.tbd; path = usr/lib/libicucore.tbd; sourceTree = SDKROOT; };
		7A47E68A1C48E9EA006A1E2F /* AVFoundation.framework */ = {isa = PBXFileReference; lastKnownFileType = wrapper.framework; name = AVFoundation.framework; path = System/Library/Frameworks/AVFoundation.framework; sourceTree = SDKROOT; };
		7A47E68C1C48E9F5006A1E2F /* MediaPlayer.framework */ = {isa = PBXFileReference; lastKnownFileType = wrapper.framework; name = MediaPlayer.framework; path = System/Library/Frameworks/MediaPlayer.framework; sourceTree = SDKROOT; };
		7A47E6921C48ED35006A1E2F /* LoginViewController.h */ = {isa = PBXFileReference; fileEncoding = 4; lastKnownFileType = sourcecode.c.h; path = LoginViewController.h; sourceTree = "<group>"; };
		7A47E6931C48ED35006A1E2F /* LoginViewController.m */ = {isa = PBXFileReference; fileEncoding = 4; lastKnownFileType = sourcecode.c.objc; path = LoginViewController.m; sourceTree = "<group>"; };
		7A47E6951C48ED55006A1E2F /* Login.storyboard */ = {isa = PBXFileReference; fileEncoding = 4; lastKnownFileType = file.storyboard; path = Login.storyboard; sourceTree = "<group>"; };
		7A6513081C3BA0E3000A02A5 /* MainModel.h */ = {isa = PBXFileReference; fileEncoding = 4; lastKnownFileType = sourcecode.c.h; path = MainModel.h; sourceTree = "<group>"; };
		7A6513091C3BA0E3000A02A5 /* MainModel.m */ = {isa = PBXFileReference; fileEncoding = 4; lastKnownFileType = sourcecode.c.objc; path = MainModel.m; sourceTree = "<group>"; };
		7A65130B1C3BA74A000A02A5 /* File.plist */ = {isa = PBXFileReference; lastKnownFileType = text.plist; path = File.plist; sourceTree = "<group>"; };
		7A7E58411C47416100FCF5E8 /* ShareView.h */ = {isa = PBXFileReference; fileEncoding = 4; lastKnownFileType = sourcecode.c.h; path = ShareView.h; sourceTree = "<group>"; };
		7A7E58421C47416100FCF5E8 /* ShareView.m */ = {isa = PBXFileReference; fileEncoding = 4; lastKnownFileType = sourcecode.c.objc; path = ShareView.m; sourceTree = "<group>"; };
		7A7E58441C474E3000FCF5E8 /* ShareViewController.h */ = {isa = PBXFileReference; fileEncoding = 4; lastKnownFileType = sourcecode.c.h; path = ShareViewController.h; sourceTree = "<group>"; };
		7A7E58451C474E3000FCF5E8 /* ShareViewController.m */ = {isa = PBXFileReference; fileEncoding = 4; lastKnownFileType = sourcecode.c.objc; path = ShareViewController.m; sourceTree = "<group>"; };
		7A7E58481C47884000FCF5E8 /* libWeChatSDK.a */ = {isa = PBXFileReference; lastKnownFileType = archive.ar; path = libWeChatSDK.a; sourceTree = "<group>"; };
		7A7E58491C47884000FCF5E8 /* WXApi.h */ = {isa = PBXFileReference; fileEncoding = 4; lastKnownFileType = sourcecode.c.h; path = WXApi.h; sourceTree = "<group>"; };
		7A7E584A1C47884000FCF5E8 /* WXApiObject.h */ = {isa = PBXFileReference; fileEncoding = 4; lastKnownFileType = sourcecode.c.h; path = WXApiObject.h; sourceTree = "<group>"; };
		7ACBB23C1C4384BB0016D1B7 /* ClassSify.plist */ = {isa = PBXFileReference; fileEncoding = 4; lastKnownFileType = text.plist.xml; path = ClassSify.plist; sourceTree = "<group>"; };
		7ACBB23F1C438FDF0016D1B7 /* VOContentLayer.h */ = {isa = PBXFileReference; fileEncoding = 4; lastKnownFileType = sourcecode.c.h; path = VOContentLayer.h; sourceTree = "<group>"; };
		7ACBB2401C438FDF0016D1B7 /* VOContentLayer.m */ = {isa = PBXFileReference; fileEncoding = 4; lastKnownFileType = sourcecode.c.objc; path = VOContentLayer.m; sourceTree = "<group>"; };
		7ACBB2411C438FDF0016D1B7 /* VOIndicatorAnimation.h */ = {isa = PBXFileReference; fileEncoding = 4; lastKnownFileType = sourcecode.c.h; path = VOIndicatorAnimation.h; sourceTree = "<group>"; };
		7ACBB2421C438FDF0016D1B7 /* VOIndicatorAnimation.m */ = {isa = PBXFileReference; fileEncoding = 4; lastKnownFileType = sourcecode.c.objc; path = VOIndicatorAnimation.m; sourceTree = "<group>"; };
		7ACBB2431C438FDF0016D1B7 /* VOSegment.h */ = {isa = PBXFileReference; fileEncoding = 4; lastKnownFileType = sourcecode.c.h; path = VOSegment.h; sourceTree = "<group>"; };
		7ACBB2441C438FDF0016D1B7 /* VOSegment.m */ = {isa = PBXFileReference; fileEncoding = 4; lastKnownFileType = sourcecode.c.objc; path = VOSegment.m; sourceTree = "<group>"; };
		7ACBB2451C438FDF0016D1B7 /* VOSegmentedControl.h */ = {isa = PBXFileReference; fileEncoding = 4; lastKnownFileType = sourcecode.c.h; path = VOSegmentedControl.h; sourceTree = "<group>"; };
		7ACBB2461C438FDF0016D1B7 /* VOSegmentedControl.m */ = {isa = PBXFileReference; fileEncoding = 4; lastKnownFileType = sourcecode.c.objc; path = VOSegmentedControl.m; sourceTree = "<group>"; };
		7ACBB24B1C43A8030016D1B7 /* typeid6.plist */ = {isa = PBXFileReference; lastKnownFileType = text.plist; path = typeid6.plist; sourceTree = "<group>"; };
		7ACBB24D1C43A8080016D1B7 /* typeud21.plist */ = {isa = PBXFileReference; lastKnownFileType = text.plist; path = typeud21.plist; sourceTree = "<group>"; };
		7ACBB24F1C43A80E0016D1B7 /* typeid23.plist */ = {isa = PBXFileReference; lastKnownFileType = text.plist; path = typeid23.plist; sourceTree = "<group>"; };
		7ACBB2511C43A8150016D1B7 /* typeid22.plist */ = {isa = PBXFileReference; lastKnownFileType = text.plist; path = typeid22.plist; sourceTree = "<group>"; };
		7AD124561C3F9E0F00FDD064 /* blueArrow.png */ = {isa = PBXFileReference; lastKnownFileType = image.png; path = blueArrow.png; sourceTree = "<group>"; };
		7AD124571C3F9E0F00FDD064 /* blueArrowDown.png */ = {isa = PBXFileReference; lastKnownFileType = image.png; path = blueArrowDown.png; sourceTree = "<group>"; };
		7AD124581C3F9E0F00FDD064 /* PullingRefreshTableView.h */ = {isa = PBXFileReference; fileEncoding = 4; lastKnownFileType = sourcecode.c.h; path = PullingRefreshTableView.h; sourceTree = "<group>"; };
		7AD124591C3F9E0F00FDD064 /* PullingRefreshTableView.m */ = {isa = PBXFileReference; fileEncoding = 4; lastKnownFileType = sourcecode.c.objc; path = PullingRefreshTableView.m; sourceTree = "<group>"; };
		7AD1245D1C3FA3AF00FDD064 /* GoodActivityTableViewCell.h */ = {isa = PBXFileReference; fileEncoding = 4; lastKnownFileType = sourcecode.c.h; path = GoodActivityTableViewCell.h; sourceTree = "<group>"; };
		7AD1245E1C3FA3AF00FDD064 /* GoodActivityTableViewCell.m */ = {isa = PBXFileReference; fileEncoding = 4; lastKnownFileType = sourcecode.c.objc; path = GoodActivityTableViewCell.m; sourceTree = "<group>"; };
		7AD1245F1C3FA3AF00FDD064 /* GoodActivityTableViewCell.xib */ = {isa = PBXFileReference; fileEncoding = 4; lastKnownFileType = file.xib; path = GoodActivityTableViewCell.xib; sourceTree = "<group>"; };
		7AD124641C3FBBF000FDD064 /* cacaca.plist */ = {isa = PBXFileReference; fileEncoding = 4; lastKnownFileType = text.plist.xml; path = cacaca.plist; sourceTree = "<group>"; };
		7AD124661C3FBE5900FDD064 /* GoodActivityModel.h */ = {isa = PBXFileReference; fileEncoding = 4; lastKnownFileType = sourcecode.c.h; path = GoodActivityModel.h; sourceTree = "<group>"; };
		7AD124671C3FBE5900FDD064 /* GoodActivityModel.m */ = {isa = PBXFileReference; fileEncoding = 4; lastKnownFileType = sourcecode.c.objc; path = GoodActivityModel.m; sourceTree = "<group>"; };
		7AD3FA311C449F4F009D4E7F /* ProgressHUD.bundle */ = {isa = PBXFileReference; lastKnownFileType = "wrapper.plug-in"; path = ProgressHUD.bundle; sourceTree = "<group>"; };
		7AD3FA321C449F4F009D4E7F /* ProgressHUD.h */ = {isa = PBXFileReference; fileEncoding = 4; lastKnownFileType = sourcecode.c.h; path = ProgressHUD.h; sourceTree = "<group>"; };
		7AD3FA331C449F4F009D4E7F /* ProgressHUD.m */ = {isa = PBXFileReference; fileEncoding = 4; lastKnownFileType = sourcecode.c.objc; path = ProgressHUD.m; sourceTree = "<group>"; };
		7AD3FA361C44FAC3009D4E7F /* DiscoverTableViewCell.h */ = {isa = PBXFileReference; fileEncoding = 4; lastKnownFileType = sourcecode.c.h; path = DiscoverTableViewCell.h; sourceTree = "<group>"; };
		7AD3FA371C44FAC3009D4E7F /* DiscoverTableViewCell.m */ = {isa = PBXFileReference; fileEncoding = 4; lastKnownFileType = sourcecode.c.objc; path = DiscoverTableViewCell.m; sourceTree = "<group>"; };
		7AD3FA381C44FAC3009D4E7F /* DiscoverTableViewCell.xib */ = {isa = PBXFileReference; fileEncoding = 4; lastKnownFileType = file.xib; path = DiscoverTableViewCell.xib; sourceTree = "<group>"; };
		7AD3FA6C1C450E9A009D4E7F /* DiscoverFile.plist */ = {isa = PBXFileReference; fileEncoding = 4; lastKnownFileType = text.plist.xml; path = DiscoverFile.plist; sourceTree = "<group>"; };
		7AD3FA6E1C451297009D4E7F /* DiscoverModel.h */ = {isa = PBXFileReference; fileEncoding = 4; lastKnownFileType = sourcecode.c.h; path = DiscoverModel.h; sourceTree = "<group>"; };
		7AD3FA6F1C451297009D4E7F /* DiscoverModel.m */ = {isa = PBXFileReference; fileEncoding = 4; lastKnownFileType = sourcecode.c.objc; path = DiscoverModel.m; sourceTree = "<group>"; };
		7AE96A901C3E112700F5163A /* ActivityDetailView.h */ = {isa = PBXFileReference; fileEncoding = 4; lastKnownFileType = sourcecode.c.h; path = ActivityDetailView.h; sourceTree = "<group>"; };
		7AE96A911C3E112700F5163A /* ActivityDetailView.m */ = {isa = PBXFileReference; fileEncoding = 4; lastKnownFileType = sourcecode.c.objc; path = ActivityDetailView.m; sourceTree = "<group>"; };
		7AE96A931C3E4C4500F5163A /* HWTools.h */ = {isa = PBXFileReference; fileEncoding = 4; lastKnownFileType = sourcecode.c.h; path = HWTools.h; sourceTree = "<group>"; };
		7AE96A941C3E4C4500F5163A /* HWTools.m */ = {isa = PBXFileReference; fileEncoding = 4; lastKnownFileType = sourcecode.c.objc; path = HWTools.m; sourceTree = "<group>"; };
		7AE96A961C3E540900F5163A /* activityDetail.plist */ = {isa = PBXFileReference; fileEncoding = 4; lastKnownFileType = text.plist; path = activityDetail.plist; sourceTree = "<group>"; };
		7AE96A981C3E5B2300F5163A /* UIView+UIViewExtension.h */ = {isa = PBXFileReference; fileEncoding = 4; lastKnownFileType = sourcecode.c.h; path = "UIView+UIViewExtension.h"; sourceTree = "<group>"; };
		7AE96A991C3E5B2300F5163A /* UIView+UIViewExtension.m */ = {isa = PBXFileReference; fileEncoding = 4; lastKnownFileType = sourcecode.c.objc; path = "UIView+UIViewExtension.m"; sourceTree = "<group>"; };
		7AFFFEBD1C3F5D4B0067BA36 /* Activitytheme.plist */ = {isa = PBXFileReference; fileEncoding = 4; lastKnownFileType = text.plist.xml; path = Activitytheme.plist; sourceTree = "<group>"; };
		7AFFFEBF1C3F5F070067BA36 /* ActivityThemeView.h */ = {isa = PBXFileReference; fileEncoding = 4; lastKnownFileType = sourcecode.c.h; path = ActivityThemeView.h; sourceTree = "<group>"; };
		7AFFFEC01C3F5F070067BA36 /* ActivityThemeView.m */ = {isa = PBXFileReference; fileEncoding = 4; lastKnownFileType = sourcecode.c.objc; path = ActivityThemeView.m; sourceTree = "<group>"; };
		AA3584C167B7DA6959E3DC01 /* Pods.debug.xcconfig */ = {isa = PBXFileReference; includeInIndex = 1; lastKnownFileType = text.xcconfig; name = Pods.debug.xcconfig; path = "Pods/Target Support Files/Pods/Pods.debug.xcconfig"; sourceTree = "<group>"; };
		B1378C31D94E6C005571E3D7 /* Pods.release.xcconfig */ = {isa = PBXFileReference; includeInIndex = 1; lastKnownFileType = text.xcconfig; name = Pods.release.xcconfig; path = "Pods/Target Support Files/Pods/Pods.release.xcconfig"; sourceTree = "<group>"; };
		D377AA3005BE36EC7725A0F2 /* libPods.a */ = {isa = PBXFileReference; explicitFileType = archive.ar; includeInIndex = 0; path = libPods.a; sourceTree = BUILT_PRODUCTS_DIR; };
/* End PBXFileReference section */

/* Begin PBXFrameworksBuildPhase section */
		7A0E36D11C3A1C7600193018 /* Frameworks */ = {
			isa = PBXFrameworksBuildPhase;
			buildActionMask = 2147483647;
			files = (
				7A47E68D1C48E9F5006A1E2F /* MediaPlayer.framework in Frameworks */,
				7A47E68B1C48E9EA006A1E2F /* AVFoundation.framework in Frameworks */,
				7A47E6891C48E9DD006A1E2F /* libicucore.tbd in Frameworks */,
				7A47E6871C48E9CA006A1E2F /* libz.1.2.5.tbd in Frameworks */,
				7A47E6851C48E9B4006A1E2F /* CFNetwork.framework in Frameworks */,
				7A47E6831C48E9A7006A1E2F /* MobileCoreServices.framework in Frameworks */,
				7A47E6811C48E972006A1E2F /* CoreLocation.framework in Frameworks */,
				7A7E584B1C47884000FCF5E8 /* libWeChatSDK.a in Frameworks */,
				7A1F926A1C47202000B328C1 /* libsqlite3.0.tbd in Frameworks */,
				7A0FC5AE1C4650EC007781E0 /* libsqlite3.tbd in Frameworks */,
				7A0FC5AC1C4650E0007781E0 /* libz.tbd in Frameworks */,
				7A0FC5AA1C4650D3007781E0 /* CoreGraphics.framework in Frameworks */,
				7A0FC5A81C4650BF007781E0 /* Foundation.framework in Frameworks */,
				7A0FC5A61C4650B7007781E0 /* UIKit.framework in Frameworks */,
				7A0FC5A41C4650AB007781E0 /* CoreText.framework in Frameworks */,
				7A0FC5A21C4650A0007781E0 /* CoreTelephony.framework in Frameworks */,
				7A0FC5A01C465091007781E0 /* Security.framework in Frameworks */,
				7A0FC59E1C465084007781E0 /* SystemConfiguration.framework in Frameworks */,
				7A0FC59C1C465070007781E0 /* ImageIO.framework in Frameworks */,
				7A0FC59A1C465067007781E0 /* QuartzCore.framework in Frameworks */,
				7A47E67F1C48E91B006A1E2F /* BmobSDK.framework in Frameworks */,
				7A37FEAD1C462BDE008E3CC7 /* MessageUI.framework in Frameworks */,
				7A0FC5971C464FEA007781E0 /* libWeiboSDK.a in Frameworks */,
				93BC11B23DD29939960CE311 /* libPods.a in Frameworks */,
			);
			runOnlyForDeploymentPostprocessing = 0;
		};
/* End PBXFrameworksBuildPhase section */

/* Begin PBXGroup section */
		115369AF304282A9D085D8AF /* Pods */ = {
			isa = PBXGroup;
			children = (
				AA3584C167B7DA6959E3DC01 /* Pods.debug.xcconfig */,
				B1378C31D94E6C005571E3D7 /* Pods.release.xcconfig */,
			);
			name = Pods;
			sourceTree = "<group>";
		};
		7A0E36CB1C3A1C7600193018 = {
			isa = PBXGroup;
			children = (
				7A0E36D61C3A1C7600193018 /* WeekEndHigh */,
				7A0E36D51C3A1C7600193018 /* Products */,
				115369AF304282A9D085D8AF /* Pods */,
				88E53C595B7FCE169CAAFEA3 /* Frameworks */,
			);
			sourceTree = "<group>";
		};
		7A0E36D51C3A1C7600193018 /* Products */ = {
			isa = PBXGroup;
			children = (
				7A0E36D41C3A1C7600193018 /* WeekEndHigh.app */,
			);
			name = Products;
			sourceTree = "<group>";
		};
		7A0E36D61C3A1C7600193018 /* WeekEndHigh */ = {
			isa = PBXGroup;
			children = (
				7A0E372A1C3A4E2A00193018 /* Classes */,
				7A0E37401C3A4E3200193018 /* Library */,
				7A0E37411C3A4FCF00193018 /* Resource */,
				7A0E36DA1C3A1C7600193018 /* AppDelegate.h */,
				7A0E36DB1C3A1C7600193018 /* AppDelegate.m */,
				7A0E36DD1C3A1C7600193018 /* Assets.xcassets */,
				7A0E36DF1C3A1C7600193018 /* LaunchScreen.storyboard */,
				7A0E36E21C3A1C7600193018 /* Info.plist */,
				7A0E36D71C3A1C7600193018 /* Supporting Files */,
			);
			path = WeekEndHigh;
			sourceTree = "<group>";
		};
		7A0E36D71C3A1C7600193018 /* Supporting Files */ = {
			isa = PBXGroup;
			children = (
				7A0E36D81C3A1C7600193018 /* main.m */,
			);
			name = "Supporting Files";
			sourceTree = "<group>";
		};
		7A0E372A1C3A4E2A00193018 /* Classes */ = {
			isa = PBXGroup;
			children = (
				7A47E68E1C48ED1E006A1E2F /* login */,
				7A0E372B1C3A4E2A00193018 /* Discover */,
				7A0E37311C3A4E2A00193018 /* Main */,
				7A0E37371C3A4E2A00193018 /* Mine */,
			);
			path = Classes;
			sourceTree = "<group>";
		};
		7A0E372B1C3A4E2A00193018 /* Discover */ = {
			isa = PBXGroup;
			children = (
				7A0E372C1C3A4E2A00193018 /* Modeles */,
				7A0E372D1C3A4E2A00193018 /* ViewControllers */,
				7A0E37301C3A4E2A00193018 /* Views */,
			);
			path = Discover;
			sourceTree = "<group>";
		};
		7A0E372C1C3A4E2A00193018 /* Modeles */ = {
			isa = PBXGroup;
			children = (
				7AD3FA6C1C450E9A009D4E7F /* DiscoverFile.plist */,
				7AD3FA6E1C451297009D4E7F /* DiscoverModel.h */,
				7AD3FA6F1C451297009D4E7F /* DiscoverModel.m */,
			);
			path = Modeles;
			sourceTree = "<group>";
		};
		7A0E372D1C3A4E2A00193018 /* ViewControllers */ = {
			isa = PBXGroup;
			children = (
				7A0E372E1C3A4E2A00193018 /* DiscoverViewController.h */,
				7A0E372F1C3A4E2A00193018 /* DiscoverViewController.m */,
			);
			path = ViewControllers;
			sourceTree = "<group>";
		};
		7A0E37301C3A4E2A00193018 /* Views */ = {
			isa = PBXGroup;
			children = (
				7A0E37461C3A50E200193018 /* DiscoverStoryboard.storyboard */,
				7AD3FA361C44FAC3009D4E7F /* DiscoverTableViewCell.h */,
				7AD3FA371C44FAC3009D4E7F /* DiscoverTableViewCell.m */,
				7AD3FA381C44FAC3009D4E7F /* DiscoverTableViewCell.xib */,
			);
			path = Views;
			sourceTree = "<group>";
		};
		7A0E37311C3A4E2A00193018 /* Main */ = {
			isa = PBXGroup;
			children = (
				7A0E37321C3A4E2A00193018 /* Modeles */,
				7A0E37331C3A4E2A00193018 /* ViewControllers */,
				7A0E37361C3A4E2A00193018 /* Views */,
			);
			path = Main;
			sourceTree = "<group>";
		};
		7A0E37321C3A4E2A00193018 /* Modeles */ = {
			isa = PBXGroup;
			children = (
				7ACBB2511C43A8150016D1B7 /* typeid22.plist */,
				7ACBB24F1C43A80E0016D1B7 /* typeid23.plist */,
				7ACBB24D1C43A8080016D1B7 /* typeud21.plist */,
				7ACBB24B1C43A8030016D1B7 /* typeid6.plist */,
				7ACBB23C1C4384BB0016D1B7 /* ClassSify.plist */,
				7AD124641C3FBBF000FDD064 /* cacaca.plist */,
				7AFFFEBD1C3F5D4B0067BA36 /* Activitytheme.plist */,
				7AE96A961C3E540900F5163A /* activityDetail.plist */,
				7A65130B1C3BA74A000A02A5 /* File.plist */,
				7A1DA7351C40F054000B37FC /* hotTheme.plist */,
				7A6513081C3BA0E3000A02A5 /* MainModel.h */,
				7A6513091C3BA0E3000A02A5 /* MainModel.m */,
				7AD124661C3FBE5900FDD064 /* GoodActivityModel.h */,
				7AD124671C3FBE5900FDD064 /* GoodActivityModel.m */,
			);
			path = Modeles;
			sourceTree = "<group>";
		};
		7A0E37331C3A4E2A00193018 /* ViewControllers */ = {
			isa = PBXGroup;
			children = (
				7A2DB0731C3CBC1900FC1CB3 /* SelectCityViewController.h */,
				7A2DB0741C3CBC1900FC1CB3 /* SelectCityViewController.m */,
				7A0E37341C3A4E2A00193018 /* MainViewController.h */,
				7A0E37351C3A4E2A00193018 /* MainViewController.m */,
				7A2DB0821C3CC08600FC1CB3 /* GoodActivityViewController.h */,
				7A2DB0831C3CC08600FC1CB3 /* GoodActivityViewController.m */,
				7A2DB0851C3CC09B00FC1CB3 /* HotActivityViewController.h */,
				7A2DB0861C3CC09B00FC1CB3 /* HotActivityViewController.m */,
				7A2DB07F1C3CC00100FC1CB3 /* ClasssifyViewController.h */,
				7A2DB0801C3CC00100FC1CB3 /* ClasssifyViewController.m */,
				7A2DB0791C3CBF5400FC1CB3 /* ActivityDetailViewController.h */,
				7A2DB07A1C3CBF5400FC1CB3 /* ActivityDetailViewController.m */,
				7A2DB07C1C3CBF6700FC1CB3 /* ThemeViewController.h */,
				7A2DB07D1C3CBF6700FC1CB3 /* ThemeViewController.m */,
				7A2DB0761C3CBDA600FC1CB3 /* SearchViewController.h */,
				7A2DB0771C3CBDA600FC1CB3 /* SearchViewController.m */,
			);
			path = ViewControllers;
			sourceTree = "<group>";
		};
		7A0E37361C3A4E2A00193018 /* Views */ = {
			isa = PBXGroup;
			children = (
				7A1DA7301C40EAF7000B37FC /* HotThemeTableViewCell.h */,
				7A1DA7311C40EAF7000B37FC /* HotThemeTableViewCell.m */,
				7A1DA7321C40EAF7000B37FC /* HotThemeTableViewCell.xib */,
				7AE96A901C3E112700F5163A /* ActivityDetailView.h */,
				7AE96A911C3E112700F5163A /* ActivityDetailView.m */,
				7A0E37421C3A507E00193018 /* MainStoryboard.storyboard */,
				7A0E37541C3A767000193018 /* MainTableViewCell.h */,
				7A0E37551C3A767000193018 /* MainTableViewCell.m */,
				7A0E37561C3A767000193018 /* MainTableViewCell.xib */,
				7AFFFEBF1C3F5F070067BA36 /* ActivityThemeView.h */,
				7AFFFEC01C3F5F070067BA36 /* ActivityThemeView.m */,
				7AD1245D1C3FA3AF00FDD064 /* GoodActivityTableViewCell.h */,
				7AD1245E1C3FA3AF00FDD064 /* GoodActivityTableViewCell.m */,
				7AD1245F1C3FA3AF00FDD064 /* GoodActivityTableViewCell.xib */,
			);
			path = Views;
			sourceTree = "<group>";
		};
		7A0E37371C3A4E2A00193018 /* Mine */ = {
			isa = PBXGroup;
			children = (
				7A0E37381C3A4E2A00193018 /* Modeles */,
				7A0E37391C3A4E2A00193018 /* ViewControllers */,
				7A0E373C1C3A4E2A00193018 /* Views */,
			);
			path = Mine;
			sourceTree = "<group>";
		};
		7A0E37381C3A4E2A00193018 /* Modeles */ = {
			isa = PBXGroup;
			children = (
			);
			path = Modeles;
			sourceTree = "<group>";
		};
		7A0E37391C3A4E2A00193018 /* ViewControllers */ = {
			isa = PBXGroup;
			children = (
				7A0E373A1C3A4E2A00193018 /* MineViewController.h */,
				7A0E373B1C3A4E2A00193018 /* MineViewController.m */,
			);
			path = ViewControllers;
			sourceTree = "<group>";
		};
		7A0E373C1C3A4E2A00193018 /* Views */ = {
			isa = PBXGroup;
			children = (
				7A0E37441C3A50A000193018 /* MineStoryboard.storyboard */,
				7A7E58411C47416100FCF5E8 /* ShareView.h */,
				7A7E58421C47416100FCF5E8 /* ShareView.m */,
			);
			path = Views;
			sourceTree = "<group>";
		};
		7A0E37401C3A4E3200193018 /* Library */ = {
			isa = PBXGroup;
			children = (
				7A7E58471C47884000FCF5E8 /* SDKExport */,
				7A0FC58A1C464FEA007781E0 /* libWeiboSDK */,
				7AD3FA301C449F4F009D4E7F /* ProgressHUD */,
				7ACBB23E1C438FDF0016D1B7 /* VOSegmentedControl */,
				7AD124551C3F9E0F00FDD064 /* PullingRefreshTableView */,
				7A2DB0701C3CAE1C00FC1CB3 /* HWBtools */,
			);
			path = Library;
			sourceTree = "<group>";
		};
		7A0E37411C3A4FCF00193018 /* Resource */ = {
			isa = PBXGroup;
			children = (
			);
			path = Resource;
			sourceTree = "<group>";
		};
		7A0FC58A1C464FEA007781E0 /* libWeiboSDK */ = {
			isa = PBXGroup;
			children = (
				7A0FC58B1C464FEA007781E0 /* libWeiboSDK.a */,
				7A0FC58C1C464FEA007781E0 /* WBHttpRequest+WeiboGame.h */,
				7A0FC58D1C464FEA007781E0 /* WBHttpRequest+WeiboShare.h */,
				7A0FC58E1C464FEA007781E0 /* WBHttpRequest+WeiboToken.h */,
				7A0FC58F1C464FEA007781E0 /* WBHttpRequest+WeiboUser.h */,
				7A0FC5901C464FEA007781E0 /* WBHttpRequest.h */,
				7A0FC5911C464FEA007781E0 /* WBSDKBasicButton.h */,
				7A0FC5921C464FEA007781E0 /* WBSDKCommentButton.h */,
				7A0FC5931C464FEA007781E0 /* WBSDKRelationshipButton.h */,
				7A0FC5941C464FEA007781E0 /* WeiboSDK.bundle */,
				7A0FC5951C464FEA007781E0 /* WeiboSDK.h */,
				7A0FC5961C464FEA007781E0 /* WeiboUser.h */,
			);
			path = libWeiboSDK;
			sourceTree = "<group>";
		};
		7A2DB0701C3CAE1C00FC1CB3 /* HWBtools */ = {
			isa = PBXGroup;
			children = (
				7AE96A981C3E5B2300F5163A /* UIView+UIViewExtension.h */,
				7AE96A991C3E5B2300F5163A /* UIView+UIViewExtension.m */,
				7AE96A931C3E4C4500F5163A /* HWTools.h */,
				7AE96A941C3E4C4500F5163A /* HWTools.m */,
				7A2DB08C1C3D204000FC1CB3 /* UIViewController+Common.h */,
				7A2DB08D1C3D204000FC1CB3 /* UIViewController+Common.m */,
				7A2DB0711C3CAE1C00FC1CB3 /* Prefix.pch */,
				7A2DB0721C3CB30D00FC1CB3 /* WHdefine.h */,
				7A7E58441C474E3000FCF5E8 /* ShareViewController.h */,
				7A7E58451C474E3000FCF5E8 /* ShareViewController.m */,
			);
			path = HWBtools;
			sourceTree = "<group>";
		};
		7A47E68E1C48ED1E006A1E2F /* login */ = {
			isa = PBXGroup;
			children = (
				7A47E68F1C48ED1E006A1E2F /* Controllers */,
				7A47E6901C48ED1E006A1E2F /* Models */,
				7A47E6911C48ED1E006A1E2F /* Views */,
			);
			path = login;
			sourceTree = "<group>";
		};
		7A47E68F1C48ED1E006A1E2F /* Controllers */ = {
			isa = PBXGroup;
			children = (
				7A47E6921C48ED35006A1E2F /* LoginViewController.h */,
				7A47E6931C48ED35006A1E2F /* LoginViewController.m */,
			);
			path = Controllers;
			sourceTree = "<group>";
		};
		7A47E6901C48ED1E006A1E2F /* Models */ = {
			isa = PBXGroup;
			children = (
			);
			path = Models;
			sourceTree = "<group>";
		};
		7A47E6911C48ED1E006A1E2F /* Views */ = {
			isa = PBXGroup;
			children = (
				7A47E6951C48ED55006A1E2F /* Login.storyboard */,
			);
			path = Views;
			sourceTree = "<group>";
		};
		7A7E58471C47884000FCF5E8 /* SDKExport */ = {
			isa = PBXGroup;
			children = (
				7A7E58481C47884000FCF5E8 /* libWeChatSDK.a */,
				7A7E58491C47884000FCF5E8 /* WXApi.h */,
				7A7E584A1C47884000FCF5E8 /* WXApiObject.h */,
			);
			path = SDKExport;
			sourceTree = "<group>";
		};
		7ACBB23E1C438FDF0016D1B7 /* VOSegmentedControl */ = {
			isa = PBXGroup;
			children = (
				7ACBB23F1C438FDF0016D1B7 /* VOContentLayer.h */,
				7ACBB2401C438FDF0016D1B7 /* VOContentLayer.m */,
				7ACBB2411C438FDF0016D1B7 /* VOIndicatorAnimation.h */,
				7ACBB2421C438FDF0016D1B7 /* VOIndicatorAnimation.m */,
				7ACBB2431C438FDF0016D1B7 /* VOSegment.h */,
				7ACBB2441C438FDF0016D1B7 /* VOSegment.m */,
				7ACBB2451C438FDF0016D1B7 /* VOSegmentedControl.h */,
				7ACBB2461C438FDF0016D1B7 /* VOSegmentedControl.m */,
			);
			path = VOSegmentedControl;
			sourceTree = "<group>";
		};
		7AD124551C3F9E0F00FDD064 /* PullingRefreshTableView */ = {
			isa = PBXGroup;
			children = (
				7AD124561C3F9E0F00FDD064 /* blueArrow.png */,
				7AD124571C3F9E0F00FDD064 /* blueArrowDown.png */,
				7AD124581C3F9E0F00FDD064 /* PullingRefreshTableView.h */,
				7AD124591C3F9E0F00FDD064 /* PullingRefreshTableView.m */,
			);
			path = PullingRefreshTableView;
			sourceTree = "<group>";
		};
		7AD3FA301C449F4F009D4E7F /* ProgressHUD */ = {
			isa = PBXGroup;
			children = (
				7AD3FA311C449F4F009D4E7F /* ProgressHUD.bundle */,
				7AD3FA321C449F4F009D4E7F /* ProgressHUD.h */,
				7AD3FA331C449F4F009D4E7F /* ProgressHUD.m */,
			);
			path = ProgressHUD;
			sourceTree = "<group>";
		};
		88E53C595B7FCE169CAAFEA3 /* Frameworks */ = {
			isa = PBXGroup;
			children = (
				7A47E68C1C48E9F5006A1E2F /* MediaPlayer.framework */,
				7A47E68A1C48E9EA006A1E2F /* AVFoundation.framework */,
				7A47E6881C48E9DD006A1E2F /* libicucore.tbd */,
				7A47E6861C48E9CA006A1E2F /* libz.1.2.5.tbd */,
				7A47E6841C48E9B4006A1E2F /* CFNetwork.framework */,
				7A47E6821C48E9A7006A1E2F /* MobileCoreServices.framework */,
				7A47E6801C48E972006A1E2F /* CoreLocation.framework */,
				7A47E67E1C48E91B006A1E2F /* BmobSDK.framework */,
				7A1F92691C47202000B328C1 /* libsqlite3.0.tbd */,
				7A0FC5AD1C4650EC007781E0 /* libsqlite3.tbd */,
				7A0FC5AB1C4650E0007781E0 /* libz.tbd */,
				7A0FC5A91C4650D3007781E0 /* CoreGraphics.framework */,
				7A0FC5A71C4650BF007781E0 /* Foundation.framework */,
				7A0FC5A51C4650B7007781E0 /* UIKit.framework */,
				7A0FC5A31C4650AB007781E0 /* CoreText.framework */,
				7A0FC5A11C4650A0007781E0 /* CoreTelephony.framework */,
				7A0FC59F1C465090007781E0 /* Security.framework */,
				7A0FC59D1C465084007781E0 /* SystemConfiguration.framework */,
				7A0FC59B1C465070007781E0 /* ImageIO.framework */,
				7A0FC5991C465067007781E0 /* QuartzCore.framework */,
				7A37FEAC1C462BDE008E3CC7 /* MessageUI.framework */,
				D377AA3005BE36EC7725A0F2 /* libPods.a */,
			);
			name = Frameworks;
			sourceTree = "<group>";
		};
/* End PBXGroup section */

/* Begin PBXNativeTarget section */
		7A0E36D31C3A1C7600193018 /* WeekEndHigh */ = {
			isa = PBXNativeTarget;
			buildConfigurationList = 7A0E36E51C3A1C7600193018 /* Build configuration list for PBXNativeTarget "WeekEndHigh" */;
			buildPhases = (
				89755B265E6F0B6C4C053469 /* Check Pods Manifest.lock */,
				7A0E36D01C3A1C7600193018 /* Sources */,
				7A0E36D11C3A1C7600193018 /* Frameworks */,
				7A0E36D21C3A1C7600193018 /* Resources */,
				4FCB4911D48BE2A94C6DE400 /* Embed Pods Frameworks */,
				FFD815D6F618749699EED02F /* Copy Pods Resources */,
			);
			buildRules = (
			);
			dependencies = (
			);
			name = WeekEndHigh;
			productName = WeekEndHigh;
			productReference = 7A0E36D41C3A1C7600193018 /* WeekEndHigh.app */;
			productType = "com.apple.product-type.application";
		};
/* End PBXNativeTarget section */

/* Begin PBXProject section */
		7A0E36CC1C3A1C7600193018 /* Project object */ = {
			isa = PBXProject;
			attributes = {
				LastUpgradeCheck = 0720;
				ORGANIZATIONNAME = scjy;
				TargetAttributes = {
					7A0E36D31C3A1C7600193018 = {
						CreatedOnToolsVersion = 7.2;
					};
				};
			};
			buildConfigurationList = 7A0E36CF1C3A1C7600193018 /* Build configuration list for PBXProject "WeekEndHigh" */;
			compatibilityVersion = "Xcode 3.2";
			developmentRegion = English;
			hasScannedForEncodings = 0;
			knownRegions = (
				en,
				Base,
			);
			mainGroup = 7A0E36CB1C3A1C7600193018;
			productRefGroup = 7A0E36D51C3A1C7600193018 /* Products */;
			projectDirPath = "";
			projectRoot = "";
			targets = (
				7A0E36D31C3A1C7600193018 /* WeekEndHigh */,
			);
		};
/* End PBXProject section */

/* Begin PBXResourcesBuildPhase section */
		7A0E36D21C3A1C7600193018 /* Resources */ = {
			isa = PBXResourcesBuildPhase;
			buildActionMask = 2147483647;
			files = (
				7A0E37581C3A767000193018 /* MainTableViewCell.xib in Resources */,
				7AFFFEBE1C3F5D4B0067BA36 /* Activitytheme.plist in Resources */,
				7AD3FA341C449F4F009D4E7F /* ProgressHUD.bundle in Resources */,
				7A0E37471C3A50E200193018 /* DiscoverStoryboard.storyboard in Resources */,
				7A65130C1C3BA74A000A02A5 /* File.plist in Resources */,
				7AD1245B1C3F9E0F00FDD064 /* blueArrowDown.png in Resources */,
				7A0E37431C3A507E00193018 /* MainStoryboard.storyboard in Resources */,
				7ACBB24C1C43A8030016D1B7 /* typeid6.plist in Resources */,
				7A47E6961C48ED55006A1E2F /* Login.storyboard in Resources */,
				7A1DA7361C40F054000B37FC /* hotTheme.plist in Resources */,
				7AD124651C3FBBF000FDD064 /* cacaca.plist in Resources */,
				7A0E36DE1C3A1C7600193018 /* Assets.xcassets in Resources */,
				7AD3FA6D1C450E9A009D4E7F /* DiscoverFile.plist in Resources */,
				7AD124611C3FA3AF00FDD064 /* GoodActivityTableViewCell.xib in Resources */,
				7AD3FA3A1C44FAC3009D4E7F /* DiscoverTableViewCell.xib in Resources */,
				7ACBB23D1C4384BB0016D1B7 /* ClassSify.plist in Resources */,
				7ACBB24E1C43A8080016D1B7 /* typeud21.plist in Resources */,
				7A0E37451C3A50A000193018 /* MineStoryboard.storyboard in Resources */,
				7AD1245A1C3F9E0F00FDD064 /* blueArrow.png in Resources */,
				7A1DA7341C40EAF7000B37FC /* HotThemeTableViewCell.xib in Resources */,
				7ACBB2501C43A80E0016D1B7 /* typeid23.plist in Resources */,
				7AE96A971C3E540900F5163A /* activityDetail.plist in Resources */,
				7A0E36E11C3A1C7600193018 /* LaunchScreen.storyboard in Resources */,
				7ACBB2521C43A8150016D1B7 /* typeid22.plist in Resources */,
				7A0FC5981C464FEA007781E0 /* WeiboSDK.bundle in Resources */,
			);
			runOnlyForDeploymentPostprocessing = 0;
		};
/* End PBXResourcesBuildPhase section */

/* Begin PBXShellScriptBuildPhase section */
		4FCB4911D48BE2A94C6DE400 /* Embed Pods Frameworks */ = {
			isa = PBXShellScriptBuildPhase;
			buildActionMask = 2147483647;
			files = (
			);
			inputPaths = (
			);
			name = "Embed Pods Frameworks";
			outputPaths = (
			);
			runOnlyForDeploymentPostprocessing = 0;
			shellPath = /bin/sh;
			shellScript = "\"${SRCROOT}/Pods/Target Support Files/Pods/Pods-frameworks.sh\"\n";
			showEnvVarsInLog = 0;
		};
		89755B265E6F0B6C4C053469 /* Check Pods Manifest.lock */ = {
			isa = PBXShellScriptBuildPhase;
			buildActionMask = 2147483647;
			files = (
			);
			inputPaths = (
			);
			name = "Check Pods Manifest.lock";
			outputPaths = (
			);
			runOnlyForDeploymentPostprocessing = 0;
			shellPath = /bin/sh;
			shellScript = "diff \"${PODS_ROOT}/../Podfile.lock\" \"${PODS_ROOT}/Manifest.lock\" > /dev/null\nif [[ $? != 0 ]] ; then\n    cat << EOM\nerror: The sandbox is not in sync with the Podfile.lock. Run 'pod install' or update your CocoaPods installation.\nEOM\n    exit 1\nfi\n";
			showEnvVarsInLog = 0;
		};
		FFD815D6F618749699EED02F /* Copy Pods Resources */ = {
			isa = PBXShellScriptBuildPhase;
			buildActionMask = 2147483647;
			files = (
			);
			inputPaths = (
			);
			name = "Copy Pods Resources";
			outputPaths = (
			);
			runOnlyForDeploymentPostprocessing = 0;
			shellPath = /bin/sh;
			shellScript = "\"${SRCROOT}/Pods/Target Support Files/Pods/Pods-resources.sh\"\n";
			showEnvVarsInLog = 0;
		};
/* End PBXShellScriptBuildPhase section */

/* Begin PBXSourcesBuildPhase section */
		7A0E36D01C3A1C7600193018 /* Sources */ = {
			isa = PBXSourcesBuildPhase;
			buildActionMask = 2147483647;
			files = (
				7AE96A951C3E4C4500F5163A /* HWTools.m in Sources */,
				7A0E37571C3A767000193018 /* MainTableViewCell.m in Sources */,
				7A7E58461C474E3000FCF5E8 /* ShareViewController.m in Sources */,
				7A2DB0871C3CC09B00FC1CB3 /* HotActivityViewController.m in Sources */,
				7A0E36DC1C3A1C7600193018 /* AppDelegate.m in Sources */,
				7A2DB0841C3CC08600FC1CB3 /* GoodActivityViewController.m in Sources */,
				7A0E373D1C3A4E2A00193018 /* DiscoverViewController.m in Sources */,
				7A0E373F1C3A4E2A00193018 /* MineViewController.m in Sources */,
				7A2DB07B1C3CBF5400FC1CB3 /* ActivityDetailViewController.m in Sources */,
				7A2DB0781C3CBDA600FC1CB3 /* SearchViewController.m in Sources */,
				7AD124681C3FBE5900FDD064 /* GoodActivityModel.m in Sources */,
				7AD3FA701C451297009D4E7F /* DiscoverModel.m in Sources */,
				7AD3FA351C449F4F009D4E7F /* ProgressHUD.m in Sources */,
				7AE96A9A1C3E5B2300F5163A /* UIView+UIViewExtension.m in Sources */,
				7A2DB07E1C3CBF6700FC1CB3 /* ThemeViewController.m in Sources */,
				7AD3FA391C44FAC3009D4E7F /* DiscoverTableViewCell.m in Sources */,
				7ACBB2491C438FDF0016D1B7 /* VOSegment.m in Sources */,
				7AFFFEC11C3F5F070067BA36 /* ActivityThemeView.m in Sources */,
				7A0E36D91C3A1C7600193018 /* main.m in Sources */,
				7A7E58431C47416100FCF5E8 /* ShareView.m in Sources */,
				7A47E6941C48ED35006A1E2F /* LoginViewController.m in Sources */,
				7AD1245C1C3F9E0F00FDD064 /* PullingRefreshTableView.m in Sources */,
				7AE96A921C3E112700F5163A /* ActivityDetailView.m in Sources */,
				7ACBB2471C438FDF0016D1B7 /* VOContentLayer.m in Sources */,
				7A1DA7331C40EAF7000B37FC /* HotThemeTableViewCell.m in Sources */,
				7A2DB0811C3CC00100FC1CB3 /* ClasssifyViewController.m in Sources */,
				7A2DB0751C3CBC1900FC1CB3 /* SelectCityViewController.m in Sources */,
				7A0E373E1C3A4E2A00193018 /* MainViewController.m in Sources */,
				7A2DB08E1C3D204000FC1CB3 /* UIViewController+Common.m in Sources */,
				7ACBB2481C438FDF0016D1B7 /* VOIndicatorAnimation.m in Sources */,
				7A65130A1C3BA0E3000A02A5 /* MainModel.m in Sources */,
				7AD124601C3FA3AF00FDD064 /* GoodActivityTableViewCell.m in Sources */,
				7ACBB24A1C438FDF0016D1B7 /* VOSegmentedControl.m in Sources */,
			);
			runOnlyForDeploymentPostprocessing = 0;
		};
/* End PBXSourcesBuildPhase section */

/* Begin PBXVariantGroup section */
		7A0E36DF1C3A1C7600193018 /* LaunchScreen.storyboard */ = {
			isa = PBXVariantGroup;
			children = (
				7A0E36E01C3A1C7600193018 /* Base */,
			);
			name = LaunchScreen.storyboard;
			sourceTree = "<group>";
		};
/* End PBXVariantGroup section */

/* Begin XCBuildConfiguration section */
		7A0E36E31C3A1C7600193018 /* Debug */ = {
			isa = XCBuildConfiguration;
			buildSettings = {
				ALWAYS_SEARCH_USER_PATHS = NO;
				CLANG_CXX_LANGUAGE_STANDARD = "gnu++0x";
				CLANG_CXX_LIBRARY = "libc++";
				CLANG_ENABLE_MODULES = YES;
				CLANG_ENABLE_OBJC_ARC = YES;
				CLANG_WARN_BOOL_CONVERSION = YES;
				CLANG_WARN_CONSTANT_CONVERSION = YES;
				CLANG_WARN_DIRECT_OBJC_ISA_USAGE = YES_ERROR;
				CLANG_WARN_EMPTY_BODY = YES;
				CLANG_WARN_ENUM_CONVERSION = YES;
				CLANG_WARN_INT_CONVERSION = YES;
				CLANG_WARN_OBJC_ROOT_CLASS = YES_ERROR;
				CLANG_WARN_UNREACHABLE_CODE = YES;
				CLANG_WARN__DUPLICATE_METHOD_MATCH = YES;
				"CODE_SIGN_IDENTITY[sdk=iphoneos*]" = "iPhone Developer";
				COPY_PHASE_STRIP = NO;
				DEBUG_INFORMATION_FORMAT = dwarf;
				ENABLE_BITCODE = YES;
				ENABLE_STRICT_OBJC_MSGSEND = YES;
				ENABLE_TESTABILITY = YES;
				GCC_C_LANGUAGE_STANDARD = gnu99;
				GCC_DYNAMIC_NO_PIC = NO;
				GCC_NO_COMMON_BLOCKS = YES;
				GCC_OPTIMIZATION_LEVEL = 0;
				GCC_PREPROCESSOR_DEFINITIONS = (
					"DEBUG=1",
					"$(inherited)",
				);
				GCC_WARN_64_TO_32_BIT_CONVERSION = YES;
				GCC_WARN_ABOUT_RETURN_TYPE = YES_ERROR;
				GCC_WARN_UNDECLARED_SELECTOR = YES;
				GCC_WARN_UNINITIALIZED_AUTOS = YES_AGGRESSIVE;
				GCC_WARN_UNUSED_FUNCTION = YES;
				GCC_WARN_UNUSED_VARIABLE = YES;
				IPHONEOS_DEPLOYMENT_TARGET = 7.0;
				MTL_ENABLE_DEBUG_INFO = YES;
				ONLY_ACTIVE_ARCH = YES;
				SDKROOT = iphoneos;
			};
			name = Debug;
		};
		7A0E36E41C3A1C7600193018 /* Release */ = {
			isa = XCBuildConfiguration;
			buildSettings = {
				ALWAYS_SEARCH_USER_PATHS = NO;
				CLANG_CXX_LANGUAGE_STANDARD = "gnu++0x";
				CLANG_CXX_LIBRARY = "libc++";
				CLANG_ENABLE_MODULES = YES;
				CLANG_ENABLE_OBJC_ARC = YES;
				CLANG_WARN_BOOL_CONVERSION = YES;
				CLANG_WARN_CONSTANT_CONVERSION = YES;
				CLANG_WARN_DIRECT_OBJC_ISA_USAGE = YES_ERROR;
				CLANG_WARN_EMPTY_BODY = YES;
				CLANG_WARN_ENUM_CONVERSION = YES;
				CLANG_WARN_INT_CONVERSION = YES;
				CLANG_WARN_OBJC_ROOT_CLASS = YES_ERROR;
				CLANG_WARN_UNREACHABLE_CODE = YES;
				CLANG_WARN__DUPLICATE_METHOD_MATCH = YES;
				"CODE_SIGN_IDENTITY[sdk=iphoneos*]" = "iPhone Developer";
				COPY_PHASE_STRIP = NO;
				DEBUG_INFORMATION_FORMAT = "dwarf-with-dsym";
				ENABLE_BITCODE = YES;
				ENABLE_NS_ASSERTIONS = NO;
				ENABLE_STRICT_OBJC_MSGSEND = YES;
				GCC_C_LANGUAGE_STANDARD = gnu99;
				GCC_NO_COMMON_BLOCKS = YES;
				GCC_WARN_64_TO_32_BIT_CONVERSION = YES;
				GCC_WARN_ABOUT_RETURN_TYPE = YES_ERROR;
				GCC_WARN_UNDECLARED_SELECTOR = YES;
				GCC_WARN_UNINITIALIZED_AUTOS = YES_AGGRESSIVE;
				GCC_WARN_UNUSED_FUNCTION = YES;
				GCC_WARN_UNUSED_VARIABLE = YES;
				IPHONEOS_DEPLOYMENT_TARGET = 7.0;
				MTL_ENABLE_DEBUG_INFO = NO;
				SDKROOT = iphoneos;
				VALIDATE_PRODUCT = YES;
			};
			name = Release;
		};
		7A0E36E61C3A1C7600193018 /* Debug */ = {
			isa = XCBuildConfiguration;
			baseConfigurationReference = AA3584C167B7DA6959E3DC01 /* Pods.debug.xcconfig */;
			buildSettings = {
				ASSETCATALOG_COMPILER_APPICON_NAME = AppIcon;
				CODE_SIGN_IDENTITY = "iPhone Developer";
				"CODE_SIGN_IDENTITY[sdk=iphoneos*]" = "iPhone Developer";
				ENABLE_BITCODE = NO;
				FRAMEWORK_SEARCH_PATHS = (
					"$(inherited)",
					"$(PROJECT_DIR)",
				);
				GCC_PRECOMPILE_PREFIX_HEADER = YES;
				GCC_PREFIX_HEADER = "/Users/aaa/Desktop/周末去哪嗨/WeekEndHigh/WeekEndHigh/Library/HWBtools/Prefix.pch";
				INFOPLIST_FILE = WeekEndHigh/Info.plist;
				IPHONEOS_DEPLOYMENT_TARGET = 7.0;
				LD_RUNPATH_SEARCH_PATHS = "$(inherited) @executable_path/Frameworks";
				LIBRARY_SEARCH_PATHS = (
					"$(inherited)",
					"$(PROJECT_DIR)/WeekEndHigh/Library/libWeiboSDK",
					"$(PROJECT_DIR)/WeekEndHigh/Library/SDKExport",
				);
				PRODUCT_BUNDLE_IDENTIFIER = com.Mangoinc.WeekEndHigh;
				PRODUCT_NAME = "$(TARGET_NAME)";
				PROVISIONING_PROFILE = "";
				TARGETED_DEVICE_FAMILY = 1;
			};
			name = Debug;
		};
		7A0E36E71C3A1C7600193018 /* Release */ = {
			isa = XCBuildConfiguration;
			baseConfigurationReference = B1378C31D94E6C005571E3D7 /* Pods.release.xcconfig */;
			buildSettings = {
				ASSETCATALOG_COMPILER_APPICON_NAME = AppIcon;
				CODE_SIGN_IDENTITY = "iPhone Developer";
				"CODE_SIGN_IDENTITY[sdk=iphoneos*]" = "iPhone Developer";
				ENABLE_BITCODE = NO;
				FRAMEWORK_SEARCH_PATHS = (
					"$(inherited)",
					"$(PROJECT_DIR)",
				);
				GCC_PRECOMPILE_PREFIX_HEADER = YES;
				GCC_PREFIX_HEADER = "/Users/aaa/Desktop/周末去哪嗨/WeekEndHigh/WeekEndHigh/Library/HWBtools/Prefix.pch";
				INFOPLIST_FILE = WeekEndHigh/Info.plist;
				IPHONEOS_DEPLOYMENT_TARGET = 7.0;
				LD_RUNPATH_SEARCH_PATHS = "$(inherited) @executable_path/Frameworks";
				LIBRARY_SEARCH_PATHS = (
					"$(inherited)",
					"$(PROJECT_DIR)/WeekEndHigh/Library/libWeiboSDK",
					"$(PROJECT_DIR)/WeekEndHigh/Library/SDKExport",
				);
				PRODUCT_BUNDLE_IDENTIFIER = com.Mangoinc.WeekEndHigh;
				PRODUCT_NAME = "$(TARGET_NAME)";
				PROVISIONING_PROFILE = "";
				TARGETED_DEVICE_FAMILY = 1;
			};
			name = Release;
		};
/* End XCBuildConfiguration section */

/* Begin XCConfigurationList section */
		7A0E36CF1C3A1C7600193018 /* Build configuration list for PBXProject "WeekEndHigh" */ = {
			isa = XCConfigurationList;
			buildConfigurations = (
				7A0E36E31C3A1C7600193018 /* Debug */,
				7A0E36E41C3A1C7600193018 /* Release */,
			);
			defaultConfigurationIsVisible = 0;
			defaultConfigurationName = Release;
		};
		7A0E36E51C3A1C7600193018 /* Build configuration list for PBXNativeTarget "WeekEndHigh" */ = {
			isa = XCConfigurationList;
			buildConfigurations = (
				7A0E36E61C3A1C7600193018 /* Debug */,
				7A0E36E71C3A1C7600193018 /* Release */,
			);
			defaultConfigurationIsVisible = 0;
			defaultConfigurationName = Release;
		};
/* End XCConfigurationList section */
	};
	rootObject = 7A0E36CC1C3A1C7600193018 /* Project object */;
}
